// !$*UTF8*$!
{
	archiveVersion = 1;
	classes = {
	};
	objectVersion = 46;
	objects = {

/* Begin PBXBuildFile section */
		D0996BC41AFB2ACB00DB16C5 /* AppDelegate.swift in Sources */ = {isa = PBXBuildFile; fileRef = D0996BC31AFB2ACB00DB16C5 /* AppDelegate.swift */; };
		D0996BC61AFB2ACB00DB16C5 /* ViewController.swift in Sources */ = {isa = PBXBuildFile; fileRef = D0996BC51AFB2ACB00DB16C5 /* ViewController.swift */; };
		D0996BC91AFB2ACB00DB16C5 /* Main.storyboard in Resources */ = {isa = PBXBuildFile; fileRef = D0996BC71AFB2ACB00DB16C5 /* Main.storyboard */; };
		D0996BCB1AFB2ACB00DB16C5 /* Images.xcassets in Resources */ = {isa = PBXBuildFile; fileRef = D0996BCA1AFB2ACB00DB16C5 /* Images.xcassets */; };
		D0996BCE1AFB2ACB00DB16C5 /* LaunchScreen.xib in Resources */ = {isa = PBXBuildFile; fileRef = D0996BCC1AFB2ACB00DB16C5 /* LaunchScreen.xib */; };
		D0996BDA1AFB2ACB00DB16C5 /* SlackMeetTweetTests.swift in Sources */ = {isa = PBXBuildFile; fileRef = D0996BD91AFB2ACB00DB16C5 /* SlackMeetTweetTests.swift */; };
		D0DE20051AFB2F6C000DF943 /* Bolts.framework in Frameworks */ = {isa = PBXBuildFile; fileRef = D0DE20031AFB2F6C000DF943 /* Bolts.framework */; };
		D0DE20061AFB2F6C000DF943 /* Parse.framework in Frameworks */ = {isa = PBXBuildFile; fileRef = D0DE20041AFB2F6C000DF943 /* Parse.framework */; };
		D0DE20081AFB2F8D000DF943 /* AudioToolbox.framework in Frameworks */ = {isa = PBXBuildFile; fileRef = D0DE20071AFB2F8D000DF943 /* AudioToolbox.framework */; };
		D0DE200A1AFB2F96000DF943 /* CFNetwork.framework in Frameworks */ = {isa = PBXBuildFile; fileRef = D0DE20091AFB2F96000DF943 /* CFNetwork.framework */; };
		D0DE200C1AFB2FA6000DF943 /* CoreGraphics.framework in Frameworks */ = {isa = PBXBuildFile; fileRef = D0DE200B1AFB2FA6000DF943 /* CoreGraphics.framework */; };
		D0DE200E1AFB2FAE000DF943 /* CoreLocation.framework in Frameworks */ = {isa = PBXBuildFile; fileRef = D0DE200D1AFB2FAE000DF943 /* CoreLocation.framework */; };
		D0DE20101AFB2FBD000DF943 /* MobileCoreServices.framework in Frameworks */ = {isa = PBXBuildFile; fileRef = D0DE200F1AFB2FBD000DF943 /* MobileCoreServices.framework */; };
		D0DE20121AFB2FC7000DF943 /* QuartzCore.framework in Frameworks */ = {isa = PBXBuildFile; fileRef = D0DE20111AFB2FC7000DF943 /* QuartzCore.framework */; };
		D0DE20141AFB2FCF000DF943 /* Security.framework in Frameworks */ = {isa = PBXBuildFile; fileRef = D0DE20131AFB2FCF000DF943 /* Security.framework */; };
		D0DE20161AFB2FD7000DF943 /* StoreKit.framework in Frameworks */ = {isa = PBXBuildFile; fileRef = D0DE20151AFB2FD7000DF943 /* StoreKit.framework */; };
		D0DE20181AFB2FDF000DF943 /* SystemConfiguration.framework in Frameworks */ = {isa = PBXBuildFile; fileRef = D0DE20171AFB2FDF000DF943 /* SystemConfiguration.framework */; };
		D0DE201A1AFB2FE7000DF943 /* libz.dylib in Frameworks */ = {isa = PBXBuildFile; fileRef = D0DE20191AFB2FE7000DF943 /* libz.dylib */; };
		D0DE201C1AFB2FEE000DF943 /* libsqlite3.dylib in Frameworks */ = {isa = PBXBuildFile; fileRef = D0DE201B1AFB2FEE000DF943 /* libsqlite3.dylib */; };
/* End PBXBuildFile section */

/* Begin PBXContainerItemProxy section */
		D0996BD41AFB2ACB00DB16C5 /* PBXContainerItemProxy */ = {
			isa = PBXContainerItemProxy;
			containerPortal = D0996BB61AFB2ACB00DB16C5 /* Project object */;
			proxyType = 1;
			remoteGlobalIDString = D0996BBD1AFB2ACB00DB16C5;
			remoteInfo = SlackMeetTweet;
		};
/* End PBXContainerItemProxy section */

/* Begin PBXFileReference section */
		D0996BBE1AFB2ACB00DB16C5 /* SlackMeetTweet.app */ = {isa = PBXFileReference; explicitFileType = wrapper.application; includeInIndex = 0; path = SlackMeetTweet.app; sourceTree = BUILT_PRODUCTS_DIR; };
		D0996BC21AFB2ACB00DB16C5 /* Info.plist */ = {isa = PBXFileReference; lastKnownFileType = text.plist.xml; path = Info.plist; sourceTree = "<group>"; };
		D0996BC31AFB2ACB00DB16C5 /* AppDelegate.swift */ = {isa = PBXFileReference; lastKnownFileType = sourcecode.swift; path = AppDelegate.swift; sourceTree = "<group>"; };
		D0996BC51AFB2ACB00DB16C5 /* ViewController.swift */ = {isa = PBXFileReference; lastKnownFileType = sourcecode.swift; path = ViewController.swift; sourceTree = "<group>"; };
		D0996BC81AFB2ACB00DB16C5 /* Base */ = {isa = PBXFileReference; lastKnownFileType = file.storyboard; name = Base; path = Base.lproj/Main.storyboard; sourceTree = "<group>"; };
		D0996BCA1AFB2ACB00DB16C5 /* Images.xcassets */ = {isa = PBXFileReference; lastKnownFileType = folder.assetcatalog; path = Images.xcassets; sourceTree = "<group>"; };
		D0996BCD1AFB2ACB00DB16C5 /* Base */ = {isa = PBXFileReference; lastKnownFileType = file.xib; name = Base; path = Base.lproj/LaunchScreen.xib; sourceTree = "<group>"; };
		D0996BD31AFB2ACB00DB16C5 /* SlackMeetTweetTests.xctest */ = {isa = PBXFileReference; explicitFileType = wrapper.cfbundle; includeInIndex = 0; path = SlackMeetTweetTests.xctest; sourceTree = BUILT_PRODUCTS_DIR; };
		D0996BD81AFB2ACB00DB16C5 /* Info.plist */ = {isa = PBXFileReference; lastKnownFileType = text.plist.xml; path = Info.plist; sourceTree = "<group>"; };
		D0996BD91AFB2ACB00DB16C5 /* SlackMeetTweetTests.swift */ = {isa = PBXFileReference; lastKnownFileType = sourcecode.swift; path = SlackMeetTweetTests.swift; sourceTree = "<group>"; };
		D0DE20031AFB2F6C000DF943 /* Bolts.framework */ = {isa = PBXFileReference; lastKnownFileType = wrapper.framework; path = Bolts.framework; sourceTree = "<group>"; };
		D0DE20041AFB2F6C000DF943 /* Parse.framework */ = {isa = PBXFileReference; lastKnownFileType = wrapper.framework; path = Parse.framework; sourceTree = "<group>"; };
		D0DE20071AFB2F8D000DF943 /* AudioToolbox.framework */ = {isa = PBXFileReference; lastKnownFileType = wrapper.framework; name = AudioToolbox.framework; path = System/Library/Frameworks/AudioToolbox.framework; sourceTree = SDKROOT; };
		D0DE20091AFB2F96000DF943 /* CFNetwork.framework */ = {isa = PBXFileReference; lastKnownFileType = wrapper.framework; name = CFNetwork.framework; path = System/Library/Frameworks/CFNetwork.framework; sourceTree = SDKROOT; };
		D0DE200B1AFB2FA6000DF943 /* CoreGraphics.framework */ = {isa = PBXFileReference; lastKnownFileType = wrapper.framework; name = CoreGraphics.framework; path = System/Library/Frameworks/CoreGraphics.framework; sourceTree = SDKROOT; };
		D0DE200D1AFB2FAE000DF943 /* CoreLocation.framework */ = {isa = PBXFileReference; lastKnownFileType = wrapper.framework; name = CoreLocation.framework; path = System/Library/Frameworks/CoreLocation.framework; sourceTree = SDKROOT; };
		D0DE200F1AFB2FBD000DF943 /* MobileCoreServices.framework */ = {isa = PBXFileReference; lastKnownFileType = wrapper.framework; name = MobileCoreServices.framework; path = System/Library/Frameworks/MobileCoreServices.framework; sourceTree = SDKROOT; };
		D0DE20111AFB2FC7000DF943 /* QuartzCore.framework */ = {isa = PBXFileReference; lastKnownFileType = wrapper.framework; name = QuartzCore.framework; path = System/Library/Frameworks/QuartzCore.framework; sourceTree = SDKROOT; };
		D0DE20131AFB2FCF000DF943 /* Security.framework */ = {isa = PBXFileReference; lastKnownFileType = wrapper.framework; name = Security.framework; path = System/Library/Frameworks/Security.framework; sourceTree = SDKROOT; };
		D0DE20151AFB2FD7000DF943 /* StoreKit.framework */ = {isa = PBXFileReference; lastKnownFileType = wrapper.framework; name = StoreKit.framework; path = System/Library/Frameworks/StoreKit.framework; sourceTree = SDKROOT; };
		D0DE20171AFB2FDF000DF943 /* SystemConfiguration.framework */ = {isa = PBXFileReference; lastKnownFileType = wrapper.framework; name = SystemConfiguration.framework; path = System/Library/Frameworks/SystemConfiguration.framework; sourceTree = SDKROOT; };
		D0DE20191AFB2FE7000DF943 /* libz.dylib */ = {isa = PBXFileReference; lastKnownFileType = "compiled.mach-o.dylib"; name = libz.dylib; path = usr/lib/libz.dylib; sourceTree = SDKROOT; };
		D0DE201B1AFB2FEE000DF943 /* libsqlite3.dylib */ = {isa = PBXFileReference; lastKnownFileType = "compiled.mach-o.dylib"; name = libsqlite3.dylib; path = usr/lib/libsqlite3.dylib; sourceTree = SDKROOT; };
/* End PBXFileReference section */

/* Begin PBXFrameworksBuildPhase section */
		D0996BBB1AFB2ACB00DB16C5 /* Frameworks */ = {
			isa = PBXFrameworksBuildPhase;
			buildActionMask = 2147483647;
			files = (
				D0DE201C1AFB2FEE000DF943 /* libsqlite3.dylib in Frameworks */,
				D0DE201A1AFB2FE7000DF943 /* libz.dylib in Frameworks */,
				D0DE20181AFB2FDF000DF943 /* SystemConfiguration.framework in Frameworks */,
				D0DE20161AFB2FD7000DF943 /* StoreKit.framework in Frameworks */,
				D0DE20141AFB2FCF000DF943 /* Security.framework in Frameworks */,
				D0DE20121AFB2FC7000DF943 /* QuartzCore.framework in Frameworks */,
				D0DE20101AFB2FBD000DF943 /* MobileCoreServices.framework in Frameworks */,
				D0DE200E1AFB2FAE000DF943 /* CoreLocation.framework in Frameworks */,
				D0DE200C1AFB2FA6000DF943 /* CoreGraphics.framework in Frameworks */,
				D0DE200A1AFB2F96000DF943 /* CFNetwork.framework in Frameworks */,
				D0DE20081AFB2F8D000DF943 /* AudioToolbox.framework in Frameworks */,
				D0DE20061AFB2F6C000DF943 /* Parse.framework in Frameworks */,
				D0DE20051AFB2F6C000DF943 /* Bolts.framework in Frameworks */,
			);
			runOnlyForDeploymentPostprocessing = 0;
		};
		D0996BD01AFB2ACB00DB16C5 /* Frameworks */ = {
			isa = PBXFrameworksBuildPhase;
			buildActionMask = 2147483647;
			files = (
			);
			runOnlyForDeploymentPostprocessing = 0;
		};
/* End PBXFrameworksBuildPhase section */

/* Begin PBXGroup section */
		D0996BB51AFB2ACB00DB16C5 = {
			isa = PBXGroup;
			children = (
				D0DE201B1AFB2FEE000DF943 /* libsqlite3.dylib */,
				D0DE20191AFB2FE7000DF943 /* libz.dylib */,
				D0DE20171AFB2FDF000DF943 /* SystemConfiguration.framework */,
				D0DE20151AFB2FD7000DF943 /* StoreKit.framework */,
				D0DE20131AFB2FCF000DF943 /* Security.framework */,
				D0DE20111AFB2FC7000DF943 /* QuartzCore.framework */,
				D0DE200F1AFB2FBD000DF943 /* MobileCoreServices.framework */,
				D0DE200D1AFB2FAE000DF943 /* CoreLocation.framework */,
				D0DE200B1AFB2FA6000DF943 /* CoreGraphics.framework */,
				D0DE20091AFB2F96000DF943 /* CFNetwork.framework */,
				D0DE20071AFB2F8D000DF943 /* AudioToolbox.framework */,
				D0996BC01AFB2ACB00DB16C5 /* SlackMeetTweet */,
				D0996BD61AFB2ACB00DB16C5 /* SlackMeetTweetTests */,
				D0996BBF1AFB2ACB00DB16C5 /* Products */,
			);
			sourceTree = "<group>";
		};
		D0996BBF1AFB2ACB00DB16C5 /* Products */ = {
			isa = PBXGroup;
			children = (
				D0996BBE1AFB2ACB00DB16C5 /* SlackMeetTweet.app */,
				D0996BD31AFB2ACB00DB16C5 /* SlackMeetTweetTests.xctest */,
			);
			name = Products;
			sourceTree = "<group>";
		};
		D0996BC01AFB2ACB00DB16C5 /* SlackMeetTweet */ = {
			isa = PBXGroup;
			children = (
				D0DE20021AFB2F4B000DF943 /* Frameworks */,
				D0996BC31AFB2ACB00DB16C5 /* AppDelegate.swift */,
				D0996BC51AFB2ACB00DB16C5 /* ViewController.swift */,
				D0996BC71AFB2ACB00DB16C5 /* Main.storyboard */,
				D0996BCA1AFB2ACB00DB16C5 /* Images.xcassets */,
				D0996BCC1AFB2ACB00DB16C5 /* LaunchScreen.xib */,
				D0996BC11AFB2ACB00DB16C5 /* Supporting Files */,
			);
			path = SlackMeetTweet;
			sourceTree = "<group>";
		};
		D0996BC11AFB2ACB00DB16C5 /* Supporting Files */ = {
			isa = PBXGroup;
			children = (
				D0996BC21AFB2ACB00DB16C5 /* Info.plist */,
			);
			name = "Supporting Files";
			sourceTree = "<group>";
		};
		D0996BD61AFB2ACB00DB16C5 /* SlackMeetTweetTests */ = {
			isa = PBXGroup;
			children = (
				D0996BD91AFB2ACB00DB16C5 /* SlackMeetTweetTests.swift */,
				D0996BD71AFB2ACB00DB16C5 /* Supporting Files */,
			);
			path = SlackMeetTweetTests;
			sourceTree = "<group>";
		};
		D0996BD71AFB2ACB00DB16C5 /* Supporting Files */ = {
			isa = PBXGroup;
			children = (
				D0996BD81AFB2ACB00DB16C5 /* Info.plist */,
			);
			name = "Supporting Files";
			sourceTree = "<group>";
		};
		D0DE20021AFB2F4B000DF943 /* Frameworks */ = {
			isa = PBXGroup;
			children = (
				D0DE20031AFB2F6C000DF943 /* Bolts.framework */,
				D0DE20041AFB2F6C000DF943 /* Parse.framework */,
			);
			name = Frameworks;
			sourceTree = "<group>";
		};
/* End PBXGroup section */

/* Begin PBXNativeTarget section */
		D0996BBD1AFB2ACB00DB16C5 /* SlackMeetTweet */ = {
			isa = PBXNativeTarget;
			buildConfigurationList = D0996BDD1AFB2ACB00DB16C5 /* Build configuration list for PBXNativeTarget "SlackMeetTweet" */;
			buildPhases = (
				D0996BBA1AFB2ACB00DB16C5 /* Sources */,
				D0996BBB1AFB2ACB00DB16C5 /* Frameworks */,
				D0996BBC1AFB2ACB00DB16C5 /* Resources */,
			);
			buildRules = (
			);
			dependencies = (
			);
			name = SlackMeetTweet;
			productName = SlackMeetTweet;
			productReference = D0996BBE1AFB2ACB00DB16C5 /* SlackMeetTweet.app */;
			productType = "com.apple.product-type.application";
		};
		D0996BD21AFB2ACB00DB16C5 /* SlackMeetTweetTests */ = {
			isa = PBXNativeTarget;
			buildConfigurationList = D0996BE01AFB2ACB00DB16C5 /* Build configuration list for PBXNativeTarget "SlackMeetTweetTests" */;
			buildPhases = (
				D0996BCF1AFB2ACB00DB16C5 /* Sources */,
				D0996BD01AFB2ACB00DB16C5 /* Frameworks */,
				D0996BD11AFB2ACB00DB16C5 /* Resources */,
			);
			buildRules = (
			);
			dependencies = (
				D0996BD51AFB2ACB00DB16C5 /* PBXTargetDependency */,
			);
			name = SlackMeetTweetTests;
			productName = SlackMeetTweetTests;
			productReference = D0996BD31AFB2ACB00DB16C5 /* SlackMeetTweetTests.xctest */;
			productType = "com.apple.product-type.bundle.unit-test";
		};
/* End PBXNativeTarget section */

/* Begin PBXProject section */
		D0996BB61AFB2ACB00DB16C5 /* Project object */ = {
			isa = PBXProject;
			attributes = {
				LastUpgradeCheck = 0630;
				ORGANIZATIONNAME = "Eithan Shavit";
				TargetAttributes = {
					D0996BBD1AFB2ACB00DB16C5 = {
						CreatedOnToolsVersion = 6.3.1;
					};
					D0996BD21AFB2ACB00DB16C5 = {
						CreatedOnToolsVersion = 6.3.1;
						TestTargetID = D0996BBD1AFB2ACB00DB16C5;
					};
				};
			};
			buildConfigurationList = D0996BB91AFB2ACB00DB16C5 /* Build configuration list for PBXProject "SlackMeetTweet" */;
			compatibilityVersion = "Xcode 3.2";
			developmentRegion = English;
			hasScannedForEncodings = 0;
			knownRegions = (
				en,
				Base,
			);
			mainGroup = D0996BB51AFB2ACB00DB16C5;
			productRefGroup = D0996BBF1AFB2ACB00DB16C5 /* Products */;
			projectDirPath = "";
			projectRoot = "";
			targets = (
				D0996BBD1AFB2ACB00DB16C5 /* SlackMeetTweet */,
				D0996BD21AFB2ACB00DB16C5 /* SlackMeetTweetTests */,
			);
		};
/* End PBXProject section */

/* Begin PBXResourcesBuildPhase section */
		D0996BBC1AFB2ACB00DB16C5 /* Resources */ = {
			isa = PBXResourcesBuildPhase;
			buildActionMask = 2147483647;
			files = (
				D0996BC91AFB2ACB00DB16C5 /* Main.storyboard in Resources */,
				D0996BCE1AFB2ACB00DB16C5 /* LaunchScreen.xib in Resources */,
				D0996BCB1AFB2ACB00DB16C5 /* Images.xcassets in Resources */,
			);
			runOnlyForDeploymentPostprocessing = 0;
		};
		D0996BD11AFB2ACB00DB16C5 /* Resources */ = {
			isa = PBXResourcesBuildPhase;
			buildActionMask = 2147483647;
			files = (
			);
			runOnlyForDeploymentPostprocessing = 0;
		};
/* End PBXResourcesBuildPhase section */

/* Begin PBXSourcesBuildPhase section */
		D0996BBA1AFB2ACB00DB16C5 /* Sources */ = {
			isa = PBXSourcesBuildPhase;
			buildActionMask = 2147483647;
			files = (
				D0996BC61AFB2ACB00DB16C5 /* ViewController.swift in Sources */,
				D0996BC41AFB2ACB00DB16C5 /* AppDelegate.swift in Sources */,
			);
			runOnlyForDeploymentPostprocessing = 0;
		};
		D0996BCF1AFB2ACB00DB16C5 /* Sources */ = {
			isa = PBXSourcesBuildPhase;
			buildActionMask = 2147483647;
			files = (
				D0996BDA1AFB2ACB00DB16C5 /* SlackMeetTweetTests.swift in Sources */,
			);
			runOnlyForDeploymentPostprocessing = 0;
		};
/* End PBXSourcesBuildPhase section */

/* Begin PBXTargetDependency section */
		D0996BD51AFB2ACB00DB16C5 /* PBXTargetDependency */ = {
			isa = PBXTargetDependency;
			target = D0996BBD1AFB2ACB00DB16C5 /* SlackMeetTweet */;
			targetProxy = D0996BD41AFB2ACB00DB16C5 /* PBXContainerItemProxy */;
		};
/* End PBXTargetDependency section */

/* Begin PBXVariantGroup section */
		D0996BC71AFB2ACB00DB16C5 /* Main.storyboard */ = {
			isa = PBXVariantGroup;
			children = (
				D0996BC81AFB2ACB00DB16C5 /* Base */,
			);
			name = Main.storyboard;
			sourceTree = "<group>";
		};
		D0996BCC1AFB2ACB00DB16C5 /* LaunchScreen.xib */ = {
			isa = PBXVariantGroup;
			children = (
				D0996BCD1AFB2ACB00DB16C5 /* Base */,
			);
			name = LaunchScreen.xib;
			sourceTree = "<group>";
		};
/* End PBXVariantGroup section */

/* Begin XCBuildConfiguration section */
		D0996BDB1AFB2ACB00DB16C5 /* Debug */ = {
			isa = XCBuildConfiguration;
			buildSettings = {
				ALWAYS_SEARCH_USER_PATHS = NO;
				CLANG_CXX_LANGUAGE_STANDARD = "gnu++0x";
				CLANG_CXX_LIBRARY = "libc++";
				CLANG_ENABLE_MODULES = YES;
				CLANG_ENABLE_OBJC_ARC = YES;
				CLANG_WARN_BOOL_CONVERSION = YES;
				CLANG_WARN_CONSTANT_CONVERSION = YES;
				CLANG_WARN_DIRECT_OBJC_ISA_USAGE = YES_ERROR;
				CLANG_WARN_EMPTY_BODY = YES;
				CLANG_WARN_ENUM_CONVERSION = YES;
				CLANG_WARN_INT_CONVERSION = YES;
				CLANG_WARN_OBJC_ROOT_CLASS = YES_ERROR;
				CLANG_WARN_UNREACHABLE_CODE = YES;
				CLANG_WARN__DUPLICATE_METHOD_MATCH = YES;
				"CODE_SIGN_IDENTITY[sdk=iphoneos*]" = "iPhone Developer";
				COPY_PHASE_STRIP = NO;
				DEBUG_INFORMATION_FORMAT = "dwarf-with-dsym";
				ENABLE_STRICT_OBJC_MSGSEND = YES;
				GCC_C_LANGUAGE_STANDARD = gnu99;
				GCC_DYNAMIC_NO_PIC = NO;
				GCC_NO_COMMON_BLOCKS = YES;
				GCC_OPTIMIZATION_LEVEL = 0;
				GCC_PREPROCESSOR_DEFINITIONS = (
					"DEBUG=1",
					"$(inherited)",
				);
				GCC_SYMBOLS_PRIVATE_EXTERN = NO;
				GCC_WARN_64_TO_32_BIT_CONVERSION = YES;
				GCC_WARN_ABOUT_RETURN_TYPE = YES_ERROR;
				GCC_WARN_UNDECLARED_SELECTOR = YES;
				GCC_WARN_UNINITIALIZED_AUTOS = YES_AGGRESSIVE;
				GCC_WARN_UNUSED_FUNCTION = YES;
				GCC_WARN_UNUSED_VARIABLE = YES;
				IPHONEOS_DEPLOYMENT_TARGET = 8.3;
				MTL_ENABLE_DEBUG_INFO = YES;
				ONLY_ACTIVE_ARCH = YES;
				SDKROOT = iphoneos;
				SWIFT_OPTIMIZATION_LEVEL = "-Onone";
				TARGETED_DEVICE_FAMILY = 2;
			};
			name = Debug;
		};
		D0996BDC1AFB2ACB00DB16C5 /* Release */ = {
			isa = XCBuildConfiguration;
			buildSettings = {
				ALWAYS_SEARCH_USER_PATHS = NO;
				CLANG_CXX_LANGUAGE_STANDARD = "gnu++0x";
				CLANG_CXX_LIBRARY = "libc++";
				CLANG_ENABLE_MODULES = YES;
				CLANG_ENABLE_OBJC_ARC = YES;
				CLANG_WARN_BOOL_CONVERSION = YES;
				CLANG_WARN_CONSTANT_CONVERSION = YES;
				CLANG_WARN_DIRECT_OBJC_ISA_USAGE = YES_ERROR;
				CLANG_WARN_EMPTY_BODY = YES;
				CLANG_WARN_ENUM_CONVERSION = YES;
				CLANG_WARN_INT_CONVERSION = YES;
				CLANG_WARN_OBJC_ROOT_CLASS = YES_ERROR;
				CLANG_WARN_UNREACHABLE_CODE = YES;
				CLANG_WARN__DUPLICATE_METHOD_MATCH = YES;
				"CODE_SIGN_IDENTITY[sdk=iphoneos*]" = "iPhone Developer";
				COPY_PHASE_STRIP = NO;
				DEBUG_INFORMATION_FORMAT = "dwarf-with-dsym";
				ENABLE_NS_ASSERTIONS = NO;
				ENABLE_STRICT_OBJC_MSGSEND = YES;
				GCC_C_LANGUAGE_STANDARD = gnu99;
				GCC_NO_COMMON_BLOCKS = YES;
				GCC_WARN_64_TO_32_BIT_CONVERSION = YES;
				GCC_WARN_ABOUT_RETURN_TYPE = YES_ERROR;
				GCC_WARN_UNDECLARED_SELECTOR = YES;
				GCC_WARN_UNINITIALIZED_AUTOS = YES_AGGRESSIVE;
				GCC_WARN_UNUSED_FUNCTION = YES;
				GCC_WARN_UNUSED_VARIABLE = YES;
				IPHONEOS_DEPLOYMENT_TARGET = 8.3;
				MTL_ENABLE_DEBUG_INFO = NO;
				SDKROOT = iphoneos;
				TARGETED_DEVICE_FAMILY = 2;
				VALIDATE_PRODUCT = YES;
			};
			name = Release;
		};
		D0996BDE1AFB2ACB00DB16C5 /* Debug */ = {
			isa = XCBuildConfiguration;
			buildSettings = {
				ASSETCATALOG_COMPILER_APPICON_NAME = AppIcon;
				FRAMEWORK_SEARCH_PATHS = (
					"$(inherited)",
					"$(PROJECT_DIR)/SlackMeetTweet",
				);
				INFOPLIST_FILE = SlackMeetTweet/Info.plist;
				LD_RUNPATH_SEARCH_PATHS = "$(inherited) @executable_path/Frameworks";
				PRODUCT_NAME = "$(TARGET_NAME)";
			};
			name = Debug;
		};
		D0996BDF1AFB2ACB00DB16C5 /* Release */ = {
			isa = XCBuildConfiguration;
			buildSettings = {
				ASSETCATALOG_COMPILER_APPICON_NAME = AppIcon;
				FRAMEWORK_SEARCH_PATHS = (
					"$(inherited)",
					"$(PROJECT_DIR)/SlackMeetTweet",
				);
				INFOPLIST_FILE = SlackMeetTweet/Info.plist;
				LD_RUNPATH_SEARCH_PATHS = "$(inherited) @executable_path/Frameworks";
				PRODUCT_NAME = "$(TARGET_NAME)";
			};
			name = Release;
		};
		D0996BE11AFB2ACB00DB16C5 /* Debug */ = {
			isa = XCBuildConfiguration;
			buildSettings = {
				BUNDLE_LOADER = "$(TEST_HOST)";
				FRAMEWORK_SEARCH_PATHS = (
					"$(SDKROOT)/Developer/Library/Frameworks",
					"$(inherited)",
				);
				GCC_PREPROCESSOR_DEFINITIONS = (
					"DEBUG=1",
					"$(inherited)",
				);
				INFOPLIST_FILE = SlackMeetTweetTests/Info.plist;
				LD_RUNPATH_SEARCH_PATHS = "$(inherited) @executable_path/Frameworks @loader_path/Frameworks";
				PRODUCT_NAME = "$(TARGET_NAME)";
				TEST_HOST = "$(BUILT_PRODUCTS_DIR)/SlackMeetTweet.app/SlackMeetTweet";
			};
			name = Debug;
		};
		D0996BE21AFB2ACB00DB16C5 /* Release */ = {
			isa = XCBuildConfiguration;
			buildSettings = {
				BUNDLE_LOADER = "$(TEST_HOST)";
				FRAMEWORK_SEARCH_PATHS = (
					"$(SDKROOT)/Developer/Library/Frameworks",
					"$(inherited)",
				);
				INFOPLIST_FILE = SlackMeetTweetTests/Info.plist;
				LD_RUNPATH_SEARCH_PATHS = "$(inherited) @executable_path/Frameworks @loader_path/Frameworks";
				PRODUCT_NAME = "$(TARGET_NAME)";
				TEST_HOST = "$(BUILT_PRODUCTS_DIR)/SlackMeetTweet.app/SlackMeetTweet";
			};
			name = Release;
		};
/* End XCBuildConfiguration section */

/* Begin XCConfigurationList section */
		D0996BB91AFB2ACB00DB16C5 /* Build configuration list for PBXProject "SlackMeetTweet" */ = {
			isa = XCConfigurationList;
			buildConfigurations = (
				D0996BDB1AFB2ACB00DB16C5 /* Debug */,
				D0996BDC1AFB2ACB00DB16C5 /* Release */,
			);
			defaultConfigurationIsVisible = 0;
			defaultConfigurationName = Release;
		};
		D0996BDD1AFB2ACB00DB16C5 /* Build configuration list for PBXNativeTarget "SlackMeetTweet" */ = {
			isa = XCConfigurationList;
			buildConfigurations = (
				D0996BDE1AFB2ACB00DB16C5 /* Debug */,
				D0996BDF1AFB2ACB00DB16C5 /* Release */,
			);
			defaultConfigurationIsVisible = 0;
			defaultConfigurationName = Release;
		};
		D0996BE01AFB2ACB00DB16C5 /* Build configuration list for PBXNativeTarget "SlackMeetTweetTests" */ = {
			isa = XCConfigurationList;
			buildConfigurations = (
				D0996BE11AFB2ACB00DB16C5 /* Debug */,
				D0996BE21AFB2ACB00DB16C5 /* Release */,
			);
			defaultConfigurationIsVisible = 0;
			defaultConfigurationName = Release;
		};
/* End XCConfigurationList section */
	};
	rootObject = D0996BB61AFB2ACB00DB16C5 /* Project object */;
}
